PODS:
  - Analytics (3.0.7)
  - Bolts (1.8.4):
    - Bolts/AppLinks (= 1.8.4)
    - Bolts/Tasks (= 1.8.4)
  - Bolts/AppLinks (1.8.4):
    - Bolts/Tasks
  - Bolts/Tasks (1.8.4)
  - Branch (0.17.9):
    - Branch/Core (= 0.17.9)
  - Branch/Core (0.17.9)
  - Crashlytics (3.8.5):
    - Fabric (~> 1.6.3)
  - DateTools (1.6.1)
  - Fabric (1.6.12)
  - FBSDKCoreKit (4.17.0):
    - Bolts (~> 1.7)
  - FBSDKLoginKit (4.17.0):
    - FBSDKCoreKit
  - FBSnapshotTestCase/Core (2.0.1)
  - Firebase/Core (5.0.0):
    - Firebase/CoreOnly
    - FirebaseAnalytics (= 5.0.0)
  - Firebase/CoreOnly (5.0.0):
    - FirebaseCore (= 5.0.0)
  - Firebase/Messaging (5.0.0):
    - Firebase/CoreOnly
    - FirebaseMessaging (= 3.0.0)
  - FirebaseAnalytics (5.0.0):
    - FirebaseCore (~> 5.0)
    - FirebaseInstanceID (~> 3.0)
    - "GoogleToolboxForMac/NSData+zlib (~> 2.1)"
    - nanopb (~> 0.3)
  - FirebaseCore (5.0.0):
    - "GoogleToolboxForMac/NSData+zlib (~> 2.1)"
  - FirebaseInstanceID (3.0.0):
    - FirebaseCore (~> 5.0)
  - FirebaseMessaging (3.0.0):
    - FirebaseCore (~> 5.0)
    - FirebaseInstanceID (~> 3.0)
    - GoogleToolboxForMac/Logger (~> 2.1)
    - Protobuf (~> 3.1)
  - GoogleAnalytics (3.17.0)
  - GoogleAppUtilities (1.1.2):
    - GoogleSymbolUtilities (~> 1.1)
  - GoogleAuthUtilities (1.0.1):
    - GoogleNetworkingUtilities (~> 1.0)
    - GoogleSymbolUtilities (~> 1.0)
  - GoogleIDFASupport (3.14.0)
  - GoogleNetworkingUtilities (1.2.2):
    - GoogleSymbolUtilities (~> 1.1)
  - GoogleSignIn (2.4.0):
    - GoogleAppUtilities (~> 1.0)
    - GoogleAuthUtilities (~> 1.0)
    - GoogleNetworkingUtilities (~> 1.0)
    - GoogleUtilities (~> 1.0)
  - GoogleSymbolUtilities (1.1.2)
  - GoogleToolboxForMac/Defines (2.1.4)
  - GoogleToolboxForMac/Logger (2.1.4):
    - GoogleToolboxForMac/Defines (= 2.1.4)
  - "GoogleToolboxForMac/NSData+zlib (2.1.4)":
    - GoogleToolboxForMac/Defines (= 2.1.4)
  - GoogleUtilities (1.3.2):
    - GoogleSymbolUtilities (~> 1.1)
  - Masonry (0.6.4)
  - nanopb (0.3.8):
    - nanopb/decode (= 0.3.8)
    - nanopb/encode (= 0.3.8)
  - nanopb/decode (0.3.8)
  - nanopb/encode (0.3.8)
  - NewRelicAgent (4.186.1)
  - OCMock (3.3.1)
  - OHHTTPStubs (4.8.0):
    - OHHTTPStubs/Default (= 4.8.0)
  - OHHTTPStubs/Core (4.8.0)
  - OHHTTPStubs/Default (4.8.0):
    - OHHTTPStubs/Core
    - OHHTTPStubs/JSON
    - OHHTTPStubs/NSURLSession
    - OHHTTPStubs/OHPathHelpers
  - OHHTTPStubs/JSON (4.8.0):
    - OHHTTPStubs/Core
  - OHHTTPStubs/NSURLSession (4.8.0):
    - OHHTTPStubs/Core
  - OHHTTPStubs/OHPathHelpers (4.8.0)
  - Parse (1.14.2):
    - Bolts/Tasks (~> 1.8)
  - Protobuf (3.5.0)
  - Segment-GoogleAnalytics (1.0.1):
    - Analytics (~> 3.0.0)
    - GoogleAnalytics (~> 3.14)
    - GoogleIDFASupport (~> 3.14)
  - Smartling.i18n (1.0.13)

DEPENDENCIES:
  - Analytics (~> 3.0.0)
  - Branch (= 0.17.9)
  - Crashlytics (~> 3.2)
  - DateTools (~> 1.6.1)
  - Fabric (~> 1.5)
  - FBSDKCoreKit (~> 4.6)
  - FBSDKLoginKit (~> 4.6)
  - FBSnapshotTestCase/Core (= 2.0.1)
  - Firebase/Core
  - Firebase/Messaging
  - GoogleSignIn (~> 2.4)
  - Masonry (~> 0.6)
  - NewRelicAgent (~> 4.1)
  - OCMock (~> 3.1)
  - OHHTTPStubs (~> 4.0)
  - Parse (~> 1.7)
  - Segment-GoogleAnalytics (~> 1.0.0)
  - Smartling.i18n (~> 1.0)

SPEC REPOS:
  https://github.com/CocoaPods/Specs.git:
    - Analytics
    - Bolts
    - Branch
    - Crashlytics
    - DateTools
    - Fabric
    - FBSDKCoreKit
    - FBSDKLoginKit
    - FBSnapshotTestCase
    - Firebase
    - FirebaseAnalytics
    - FirebaseCore
    - FirebaseInstanceID
    - FirebaseMessaging
    - GoogleAnalytics
    - GoogleAppUtilities
    - GoogleAuthUtilities
    - GoogleIDFASupport
    - GoogleNetworkingUtilities
    - GoogleSignIn
    - GoogleSymbolUtilities
    - GoogleToolboxForMac
    - GoogleUtilities
    - Masonry
    - nanopb
    - NewRelicAgent
    - OCMock
    - OHHTTPStubs
    - Parse
    - Protobuf
    - Segment-GoogleAnalytics
    - Smartling.i18n

SPEC CHECKSUMS:
  Analytics: b342fb4f43fa4f97ca6f4358b44d3295217ba294
  Bolts: 8a7995239dbe724f9cba2248b766d48b7ebdd322
  Branch: 38100c961f1838d0b0dbd7377839d530374762ff
  Crashlytics: dfbae35ef22ca189240d230ad501feea4ee85d2d
  DateTools: 9bcc89e4f2f9004d8a7a2bd1b49269cf78968e65
  Fabric: f050464eac45a2ce5a8e6e6a07e977c0df32fe28
  FBSDKCoreKit: 30a21d2d7b92984b3d80497113433c00824c35e9
  FBSDKLoginKit: 42b7129ac0373ca99eaf4cbebf4d07bd42371f59
  FBSnapshotTestCase: bdb997ab2397495205f11156d4d444606daebd27
  Firebase: 4bd804448ab2596794698773d41520a0af101e65
  FirebaseAnalytics: 19812b49fa5f283dd6b23edf8a14b5d477029ab8
  FirebaseCore: e46e4babb9de298fb2f736958edcc6da1dc60d73
  FirebaseInstanceID: 83e0040351565df711a5db3d8ebe5ea21aca998a
  FirebaseMessaging: f2360a966ecfb0d14facf0fbdf306efc2df0ddbe
  GoogleAnalytics: f42cc53a87a51fe94334821868d9c8481ff47a7b
  GoogleAppUtilities: a8a552aa74f6597f805e45b5a3962766c3134973
  GoogleAuthUtilities: 049ffd3a297cdffd271451b82fd4e75304f15ef3
  GoogleIDFASupport: aaf8c10bd429abb1c15349d5252244f5eda8ead1
  GoogleNetworkingUtilities: 3edd3a8161347494f2da60ea0deddc8a472d94cb
  GoogleSignIn: 79929b51e6299c69f1197bbd9c7a1367d523ecd8
  GoogleSymbolUtilities: 631ee17048aa5e9ab133470d768ea997a5ef9b96
  GoogleToolboxForMac: 91c824d21e85b31c2aae9bb011c5027c9b4e738f
  GoogleUtilities: 8bbc733218aad26306f9d4a253823986110e3358
  Masonry: 281802d04d787ea2973179ee8bcb50500579ede2
  nanopb: 5601e6bca2dbf1ed831b519092ec110f66982ca3
  NewRelicAgent: 5cd52dafe03e74c5066073a00fd500df9d966e7e
  OCMock: f3f61e6eaa16038c30caa5798c5e49d3307b6f22
  OHHTTPStubs: b393565822317305b87a1440d4c7aff131679f66
  Parse: 4335d65f40cb3d43190d723144bbe1afb9c38230
  Protobuf: 8a9838fba8dae3389230e1b7f8c104aa32389c03
  Segment-GoogleAnalytics: ffea73c99196720b28b58ea93bcc0e6d11f172e1
  Smartling.i18n: 03ef7a5643965212c6ca9ed7d65385950ca4a989

PODFILE CHECKSUM: 2bce40c0c0cf2287c3c953c328be7b6518da4dd5

COCOAPODS: 1.5.0
